
Microsoft Visual Studio Solution File, Format Version 12.00
# Visual Studio 15
VisualStudioVersion = 15.0.33423.255
MinimumVisualStudioVersion = 10.0.40219.1
Project("{FAE04EC0-301F-11D3-BF4B-00C04F79EFBC}") = "SYS.BLL", "SYS.BLL\SYS.BLL.csproj", "{43485DA8-90F4-4627-B1DC-5DF31D00AEB8}"
EndProject
Project("{FAE04EC0-301F-11D3-BF4B-00C04F79EFBC}") = "SYS.DAL", "SYS.DAL\SYS.DAL.csproj", "{F4C6D91F-0224-43D9-81C2-434F51553E08}"
EndProject
Project("{FAE04EC0-301F-11D3-BF4B-00C04F79EFBC}") = "SYS.Model", "SYS.Model\SYS.Model.csproj", "{EF1414C2-1449-4F69-9862-9F4F9B07F42B}"
EndProject
Project("{FAE04EC0-301F-11D3-BF4B-00C04F79EFBC}") = "SYS.Web", "SYS.Web\SYS.Web.csproj", "{E0C93AE4-6B1D-43E5-8905-588B019B0AB6}"
EndProject
Project("{FAE04EC0-301F-11D3-BF4B-00C04F79EFBC}") = "Template_MVC", "Template_MVC\Template_MVC.csproj", "{8C34EB67-7EEE-4C49-B634-32C40DC30E5A}"
EndProject
Global
	GlobalSection(SolutionConfigurationPlatforms) = preSolution
		Debug|Any CPU = Debug|Any CPU
		Release|Any CPU = Release|Any CPU
	EndGlobalSection
	GlobalSection(ProjectConfigurationPlatforms) = postSolution
		{43485DA8-90F4-4627-B1DC-5DF31D00AEB8}.Debug|Any CPU.ActiveCfg = Debug|Any CPU
		{43485DA8-90F4-4627-B1DC-5DF31D00AEB8}.Debug|Any CPU.Build.0 = Debug|Any CPU
		{43485DA8-90F4-4627-B1DC-5DF31D00AEB8}.Release|Any CPU.ActiveCfg = Release|Any CPU
		{43485DA8-90F4-4627-B1DC-5DF31D00AEB8}.Release|Any CPU.Build.0 = Release|Any CPU
		{F4C6D91F-0224-43D9-81C2-434F51553E08}.Debug|Any CPU.ActiveCfg = Debug|Any CPU
		{F4C6D91F-0224-43D9-81C2-434F51553E08}.Debug|Any CPU.Build.0 = Debug|Any CPU
		{F4C6D91F-0224-43D9-81C2-434F51553E08}.Release|Any CPU.ActiveCfg = Release|Any CPU
		{F4C6D91F-0224-43D9-81C2-434F51553E08}.Release|Any CPU.Build.0 = Release|Any CPU
		{EF1414C2-1449-4F69-9862-9F4F9B07F42B}.Debug|Any CPU.ActiveCfg = Debug|Any CPU
		{EF1414C2-1449-4F69-9862-9F4F9B07F42B}.Debug|Any CPU.Build.0 = Debug|Any CPU
		{EF1414C2-1449-4F69-9862-9F4F9B07F42B}.Release|Any CPU.ActiveCfg = Release|Any CPU
		{EF1414C2-1449-4F69-9862-9F4F9B07F42B}.Release|Any CPU.Build.0 = Release|Any CPU
		{E0C93AE4-6B1D-43E5-8905-588B019B0AB6}.Debug|Any CPU.ActiveCfg = Debug|Any CPU
		{E0C93AE4-6B1D-43E5-8905-588B019B0AB6}.Debug|Any CPU.Build.0 = Debug|Any CPU
		{E0C93AE4-6B1D-43E5-8905-588B019B0AB6}.Release|Any CPU.ActiveCfg = Release|Any CPU
		{E0C93AE4-6B1D-43E5-8905-588B019B0AB6}.Release|Any CPU.Build.0 = Release|Any CPU
		{8C34EB67-7EEE-4C49-B634-32C40DC30E5A}.Debug|Any CPU.ActiveCfg = Debug|Any CPU
		{8C34EB67-7EEE-4C49-B634-32C40DC30E5A}.Debug|Any CPU.Build.0 = Debug|Any CPU
		{8C34EB67-7EEE-4C49-B634-32C40DC30E5A}.Release|Any CPU.ActiveCfg = Release|Any CPU
		{8C34EB67-7EEE-4C49-B634-32C40DC30E5A}.Release|Any CPU.Build.0 = Release|Any CPU
	EndGlobalSection
	GlobalSection(SolutionProperties) = preSolution
		HideSolutionNode = FALSE
	EndGlobalSection
	GlobalSection(ExtensibilityGlobals) = postSolution
		RESX_ConfirmAddLanguageFile = True
		RESX_NeutralResourcesLanguage = en-US
		RESX_AutoCreateNewLanguageFiles = True
		SolutionGuid = {73E42AB2-C51D-4591-8931-140D4D754852}
		RESX_PrefixTranslations = False
	EndGlobalSection
EndGlobal
